
Microsoft Visual Studio Solution File, Format Version 12.00
# Visual Studio Version 17
VisualStudioVersion = 17.11.35327.3
MinimumVisualStudioVersion = 10.0.40219.1
Project("{FAE04EC0-301F-11D3-BF4B-00C04F79EFBC}") = "Snage Game", "Snage Game\Snage Game.csproj", "{9583B0FF-BEC1-4B24-9201-4162535BBF33}"
EndProject
Global
	GlobalSection(SolutionConfigurationPlatforms) = preSolution
		Debug|Any CPU = Debug|Any CPU
		Release|Any CPU = Release|Any CPU
	EndGlobalSection
	GlobalSection(ProjectConfigurationPlatforms) = postSolution
		{9583B0FF-BEC1-4B24-9201-4162535BBF33}.Debug|Any CPU.ActiveCfg = Debug|Any CPU
		{9583B0FF-BEC1-4B24-9201-4162535BBF33}.Debug|Any CPU.Build.0 = Debug|Any CPU
		{9583B0FF-BEC1-4B24-9201-4162535BBF33}.Release|Any CPU.ActiveCfg = Release|Any CPU
		{9583B0FF-BEC1-4B24-9201-4162535BBF33}.Release|Any CPU.Build.0 = Release|Any CPU
	EndGlobalSection
	GlobalSection(SolutionProperties) = preSolution
		HideSolutionNode = FALSE
	EndGlobalSection
	GlobalSection(ExtensibilityGlobals) = postSolution
		SolutionGuid = {C68593EF-9654-4283-89A1-E51E5B62457F}
	EndGlobalSection
EndGlobal
